
Microsoft Visual Studio Solution File, Format Version 12.00
# Visual Studio 14
VisualStudioVersion = 14.0.23107.0
MinimumVisualStudioVersion = 10.0.40219.1
Project("{FAE04EC0-301F-11D3-BF4B-00C04F79EFBC}") = "XML作为数据库（增删改查）", "XML作为数据库（增删改查）\XML作为数据库（增删改查）.csproj", "{937CD5CA-1DA4-4C6C-959E-E1C1F467E185}"
EndProject
Global
	GlobalSection(SolutionConfigurationPlatforms) = preSolution
		Debug|Any CPU = Debug|Any CPU
		Release|Any CPU = Release|Any CPU
	EndGlobalSection
	GlobalSection(ProjectConfigurationPlatforms) = postSolution
		{937CD5CA-1DA4-4C6C-959E-E1C1F467E185}.Debug|Any CPU.ActiveCfg = Debug|Any CPU
		{937CD5CA-1DA4-4C6C-959E-E1C1F467E185}.Debug|Any CPU.Build.0 = Debug|Any CPU
		{937CD5CA-1DA4-4C6C-959E-E1C1F467E185}.Release|Any CPU.ActiveCfg = Release|Any CPU
		{937CD5CA-1DA4-4C6C-959E-E1C1F467E185}.Release|Any CPU.Build.0 = Release|Any CPU
	EndGlobalSection
	GlobalSection(SolutionProperties) = preSolution
		HideSolutionNode = FALSE
	EndGlobalSection
EndGlobal
